
Microsoft Visual Studio Solution File, Format Version 12.00
# Visual Studio Version 16
VisualStudioVersion = 16.0.32630.194
MinimumVisualStudioVersion = 10.0.40219.1
Project("{2150E333-8FDC-42A3-9474-1A3956D46DE8}") = "src", "src", "{55DEDEF5-A2EE-40E8-B44B-35E5C174C912}"
EndProject
Project("{2150E333-8FDC-42A3-9474-1A3956D46DE8}") = "Core", "Core", "{C73961B6-50C4-477E-A229-B1D415AF1B6C}"
EndProject
Global
	GlobalSection(SolutionProperties) = preSolution
		HideSolutionNode = FALSE
	EndGlobalSection
	GlobalSection(NestedProjects) = preSolution
		{C73961B6-50C4-477E-A229-B1D415AF1B6C} = {55DEDEF5-A2EE-40E8-B44B-35E5C174C912}
	EndGlobalSection
	GlobalSection(ExtensibilityGlobals) = postSolution
		SolutionGuid = {B0EFAF76-E390-49DF-914A-46EF6ACA5FB4}
	EndGlobalSection
EndGlobal
